
Microsoft Visual Studio Solution File, Format Version 12.00
# Visual Studio Version 16
VisualStudioVersion = 16.0.31729.503
MinimumVisualStudioVersion = 10.0.40219.1
Project("{FAE04EC0-301F-11D3-BF4B-00C04F79EFBC}") = "Lab 19", "Lab 19\Lab 19.csproj", "{00A317DB-80C9-4572-96A1-EF520EA884F7}"
EndProject
Global
	GlobalSection(SolutionConfigurationPlatforms) = preSolution
		Debug|Any CPU = Debug|Any CPU
		Release|Any CPU = Release|Any CPU
	EndGlobalSection
	GlobalSection(ProjectConfigurationPlatforms) = postSolution
		{00A317DB-80C9-4572-96A1-EF520EA884F7}.Debug|Any CPU.ActiveCfg = Debug|Any CPU
		{00A317DB-80C9-4572-96A1-EF520EA884F7}.Debug|Any CPU.Build.0 = Debug|Any CPU
		{00A317DB-80C9-4572-96A1-EF520EA884F7}.Release|Any CPU.ActiveCfg = Release|Any CPU
		{00A317DB-80C9-4572-96A1-EF520EA884F7}.Release|Any CPU.Build.0 = Release|Any CPU
	EndGlobalSection
	GlobalSection(SolutionProperties) = preSolution
		HideSolutionNode = FALSE
	EndGlobalSection
	GlobalSection(ExtensibilityGlobals) = postSolution
		SolutionGuid = {86B10B09-683D-4735-8063-2735C74667C1}
	EndGlobalSection
EndGlobal
